Microsoft Visual Studio Solution File, Format Version 12.00
# Visual Studio Version 17
VisualStudioVersion = 17.5.2.0
MinimumVisualStudioVersion = 10.0.40219.1
Project("{FAE04EC0-301F-11D3-BF4B-00C04F79EFBC}") = "ITPE3200FAM", "ITPE3200FAM.csproj", "{1BA22A32-84BB-5760-C3B7-5F846E629DE9}"
EndProject
Global
	GlobalSection(SolutionConfigurationPlatforms) = preSolution
		Debug|Any CPU = Debug|Any CPU
		Release|Any CPU = Release|Any CPU
	EndGlobalSection
	GlobalSection(ProjectConfigurationPlatforms) = postSolution
		{1BA22A32-84BB-5760-C3B7-5F846E629DE9}.Debug|Any CPU.ActiveCfg = Debug|Any CPU
		{1BA22A32-84BB-5760-C3B7-5F846E629DE9}.Debug|Any CPU.Build.0 = Debug|Any CPU
		{1BA22A32-84BB-5760-C3B7-5F846E629DE9}.Release|Any CPU.ActiveCfg = Release|Any CPU
		{1BA22A32-84BB-5760-C3B7-5F846E629DE9}.Release|Any CPU.Build.0 = Release|Any CPU
	EndGlobalSection
	GlobalSection(SolutionProperties) = preSolution
		HideSolutionNode = FALSE
	EndGlobalSection
	GlobalSection(ExtensibilityGlobals) = postSolution
		SolutionGuid = {B67B801C-53B4-4235-AC9A-F672C7A811E7}
	EndGlobalSection
EndGlobal
